# THIS IS AN AUTOGENERATED FILE. DO NOT EDIT THIS FILE DIRECTLY.
# yarn lockfile v1


flask-cors@^0.0.1:
  version "0.0.1"
  resolved "https://registry.yarnpkg.com/flask-cors/-/flask-cors-0.0.1.tgz#99cd74b648800cf56db84cdc2fafea97d136888d"
  integrity sha512-ZEhUp1JH+Qxru2yOhsRhIgA18QR7D4S2wQtOqu28PvfeDFzz97Fu6M1fUXsjDwkEqSTuKdmJ34aCuYEr8dWthA==

flask@^0.2.10:
  version "0.2.10"
  resolved "https://registry.yarnpkg.com/flask/-/flask-0.2.10.tgz#f5f5a42cfd58a309e37c67c0a39617a819e5e1b7"
  integrity sha512-Zy69KIuFsoX0o2W5uDHHk1GHMwRT8QT0AboPQY7b1soCfJ2pfwKxHF2AGVwJmDUjzawgOavoY/UsXnZ7fk3lVQ==
